// !$*UTF8*$!
{
	archiveVersion = 1;
	classes = {
	};
	objectVersion = 46;
	objects = {

/* Begin PBXBuildFile section */
		4A78CECC1CFAF22A00B8C0D0 /* NSString+opendicom.mm in Sources */ = {isa = PBXBuildFile; fileRef = 4A78CECA1CFAF22A00B8C0D0 /* NSString+opendicom.mm */; };
		4A78CECD1CFAF22A00B8C0D0 /* NSString+opendicom.h in Headers */ = {isa = PBXBuildFile; fileRef = 4A78CECB1CFAF22A00B8C0D0 /* NSString+opendicom.h */; };
		4A78CEEE1CFAF26C00B8C0D0 /* ODSequence.h in Headers */ = {isa = PBXBuildFile; fileRef = 4A78CECE1CFAF26C00B8C0D0 /* ODSequence.h */; };
		4A78CEEF1CFAF26C00B8C0D0 /* ODSequence.mm in Sources */ = {isa = PBXBuildFile; fileRef = 4A78CECF1CFAF26C00B8C0D0 /* ODSequence.mm */; };
		4A78CEF01CFAF26C00B8C0D0 /* ODFile.h in Headers */ = {isa = PBXBuildFile; fileRef = 4A78CED01CFAF26C00B8C0D0 /* ODFile.h */; };
		4A78CEF11CFAF26C00B8C0D0 /* ODItem.h in Headers */ = {isa = PBXBuildFile; fileRef = 4A78CED11CFAF26C00B8C0D0 /* ODItem.h */; };
		4A78CEF21CFAF26C00B8C0D0 /* ODMetaInfo.h in Headers */ = {isa = PBXBuildFile; fileRef = 4A78CED21CFAF26C00B8C0D0 /* ODMetaInfo.h */; };
		4A78CEF31CFAF26C00B8C0D0 /* ODItem.mm in Sources */ = {isa = PBXBuildFile; fileRef = 4A78CED31CFAF26C00B8C0D0 /* ODItem.mm */; };
		4A78CEF41CFAF26C00B8C0D0 /* ODDataset.mm in Sources */ = {isa = PBXBuildFile; fileRef = 4A78CED41CFAF26C00B8C0D0 /* ODDataset.mm */; };
		4A78CEF51CFAF26C00B8C0D0 /* ODMetaInfo.mm in Sources */ = {isa = PBXBuildFile; fileRef = 4A78CED51CFAF26C00B8C0D0 /* ODMetaInfo.mm */; };
		4A78CEF61CFAF26C00B8C0D0 /* ODElement.mm in Sources */ = {isa = PBXBuildFile; fileRef = 4A78CED61CFAF26C00B8C0D0 /* ODElement.mm */; };
		4A78CEF71CFAF26C00B8C0D0 /* ODvr.h in Headers */ = {isa = PBXBuildFile; fileRef = 4A78CED71CFAF26C00B8C0D0 /* ODvr.h */; };
		4A78CEF81CFAF26C00B8C0D0 /* ODElement.h in Headers */ = {isa = PBXBuildFile; fileRef = 4A78CED81CFAF26C00B8C0D0 /* ODElement.h */; };
		4A78CF0B1CFAF26C00B8C0D0 /* ODDataset.h in Headers */ = {isa = PBXBuildFile; fileRef = 4A78CEEB1CFAF26C00B8C0D0 /* ODDataset.h */; };
		4A78CF0C1CFAF26C00B8C0D0 /* ODFile.mm in Sources */ = {isa = PBXBuildFile; fileRef = 4A78CEEC1CFAF26C00B8C0D0 /* ODFile.mm */; };
		4A78CF0F1CFAF28E00B8C0D0 /* main.mm in Sources */ = {isa = PBXBuildFile; fileRef = 4A78CF0E1CFAF28E00B8C0D0 /* main.mm */; };
		4A78DA4C1CFB2CCF00B8C0D0 /* libz.tbd in Frameworks */ = {isa = PBXBuildFile; fileRef = 4A78CE931CFA4BEB00B8C0D0 /* libz.tbd */; };
		4AEFE7D21D040536005BA949 /* ODAttributeTag.h in Headers */ = {isa = PBXBuildFile; fileRef = 4AEFE7C01D040536005BA949 /* ODAttributeTag.h */; };
		4AEFE7D31D040536005BA949 /* ODAttributeTag.mm in Sources */ = {isa = PBXBuildFile; fileRef = 4AEFE7C11D040536005BA949 /* ODAttributeTag.mm */; };
		4AEFE7D41D040536005BA949 /* ODByteString.h in Headers */ = {isa = PBXBuildFile; fileRef = 4AEFE7C21D040536005BA949 /* ODByteString.h */; };
		4AEFE7D51D040536005BA949 /* ODByteString.mm in Sources */ = {isa = PBXBuildFile; fileRef = 4AEFE7C31D040536005BA949 /* ODByteString.mm */; };
		4AEFE7D61D040536005BA949 /* ODFloatingPointDouble.h in Headers */ = {isa = PBXBuildFile; fileRef = 4AEFE7C41D040536005BA949 /* ODFloatingPointDouble.h */; };
		4AEFE7D71D040536005BA949 /* ODFloatingPointDouble.mm in Sources */ = {isa = PBXBuildFile; fileRef = 4AEFE7C51D040536005BA949 /* ODFloatingPointDouble.mm */; };
		4AEFE7D81D040536005BA949 /* ODFloatingPointSingle.h in Headers */ = {isa = PBXBuildFile; fileRef = 4AEFE7C61D040536005BA949 /* ODFloatingPointSingle.h */; };
		4AEFE7D91D040536005BA949 /* ODFloatingPointSingle.mm in Sources */ = {isa = PBXBuildFile; fileRef = 4AEFE7C71D040536005BA949 /* ODFloatingPointSingle.mm */; };
		4AEFE7DA1D040536005BA949 /* ODOtherByteOtherWord.h in Headers */ = {isa = PBXBuildFile; fileRef = 4AEFE7C81D040536005BA949 /* ODOtherByteOtherWord.h */; };
		4AEFE7DB1D040536005BA949 /* ODOtherByteOtherWord.mm in Sources */ = {isa = PBXBuildFile; fileRef = 4AEFE7C91D040536005BA949 /* ODOtherByteOtherWord.mm */; };
		4AEFE7DC1D040536005BA949 /* ODSignedLong.h in Headers */ = {isa = PBXBuildFile; fileRef = 4AEFE7CA1D040536005BA949 /* ODSignedLong.h */; };
		4AEFE7DD1D040536005BA949 /* ODSignedLong.mm in Sources */ = {isa = PBXBuildFile; fileRef = 4AEFE7CB1D040536005BA949 /* ODSignedLong.mm */; };
		4AEFE7DE1D040536005BA949 /* ODSignedShort.h in Headers */ = {isa = PBXBuildFile; fileRef = 4AEFE7CC1D040536005BA949 /* ODSignedShort.h */; };
		4AEFE7DF1D040536005BA949 /* ODSignedShort.mm in Sources */ = {isa = PBXBuildFile; fileRef = 4AEFE7CD1D040536005BA949 /* ODSignedShort.mm */; };
		4AEFE7E01D040536005BA949 /* ODUnsignedLong.h in Headers */ = {isa = PBXBuildFile; fileRef = 4AEFE7CE1D040536005BA949 /* ODUnsignedLong.h */; };
		4AEFE7E11D040536005BA949 /* ODUnsignedLong.mm in Sources */ = {isa = PBXBuildFile; fileRef = 4AEFE7CF1D040536005BA949 /* ODUnsignedLong.mm */; };
		4AEFE7E21D040536005BA949 /* ODUnsignedShort.h in Headers */ = {isa = PBXBuildFile; fileRef = 4AEFE7D01D040536005BA949 /* ODUnsignedShort.h */; };
		4AEFE7E31D040536005BA949 /* ODUnsignedShort.mm in Sources */ = {isa = PBXBuildFile; fileRef = 4AEFE7D11D040536005BA949 /* ODUnsignedShort.mm */; };
		4AEFE7E81D040719005BA949 /* libiconv.tbd in Frameworks */ = {isa = PBXBuildFile; fileRef = 4AEFE7E71D040719005BA949 /* libiconv.tbd */; };
/* End PBXBuildFile section */

/* Begin PBXCopyFilesBuildPhase section */
		4A9059F41CF5F72700A9CA2F /* CopyFiles */ = {
			isa = PBXCopyFilesBuildPhase;
			buildActionMask = 2147483647;
			dstPath = /usr/share/man/man1/;
			dstSubfolderSpec = 0;
			files = (
			);
			runOnlyForDeploymentPostprocessing = 1;
		};
/* End PBXCopyFilesBuildPhase section */

/* Begin PBXFileReference section */
		4A78CE931CFA4BEB00B8C0D0 /* libz.tbd */ = {isa = PBXFileReference; lastKnownFileType = "sourcecode.text-based-dylib-definition"; name = libz.tbd; path = usr/lib/libz.tbd; sourceTree = SDKROOT; };
		4A78CECA1CFAF22A00B8C0D0 /* NSString+opendicom.mm */ = {isa = PBXFileReference; fileEncoding = 4; lastKnownFileType = sourcecode.cpp.objcpp; name = "NSString+opendicom.mm"; path = "dcmtkObjc/objcCategories/NSString+opendicom.mm"; sourceTree = SOURCE_ROOT; };
		4A78CECB1CFAF22A00B8C0D0 /* NSString+opendicom.h */ = {isa = PBXFileReference; fileEncoding = 4; lastKnownFileType = sourcecode.c.h; name = "NSString+opendicom.h"; path = "dcmtkObjc/objcCategories/NSString+opendicom.h"; sourceTree = SOURCE_ROOT; };
		4A78CECE1CFAF26C00B8C0D0 /* ODSequence.h */ = {isa = PBXFileReference; fileEncoding = 4; lastKnownFileType = sourcecode.c.h; name = ODSequence.h; path = dcmtkObjc/objcWrapper/ODSequence.h; sourceTree = SOURCE_ROOT; };
		4A78CECF1CFAF26C00B8C0D0 /* ODSequence.mm */ = {isa = PBXFileReference; fileEncoding = 4; lastKnownFileType = sourcecode.cpp.objcpp; name = ODSequence.mm; path = dcmtkObjc/objcWrapper/ODSequence.mm; sourceTree = SOURCE_ROOT; };
		4A78CED01CFAF26C00B8C0D0 /* ODFile.h */ = {isa = PBXFileReference; fileEncoding = 4; lastKnownFileType = sourcecode.c.h; name = ODFile.h; path = dcmtkObjc/objcWrapper/ODFile.h; sourceTree = SOURCE_ROOT; };
		4A78CED11CFAF26C00B8C0D0 /* ODItem.h */ = {isa = PBXFileReference; fileEncoding = 4; lastKnownFileType = sourcecode.c.h; name = ODItem.h; path = dcmtkObjc/objcWrapper/ODItem.h; sourceTree = SOURCE_ROOT; };
		4A78CED21CFAF26C00B8C0D0 /* ODMetaInfo.h */ = {isa = PBXFileReference; fileEncoding = 4; lastKnownFileType = sourcecode.c.h; name = ODMetaInfo.h; path = dcmtkObjc/objcWrapper/ODMetaInfo.h; sourceTree = SOURCE_ROOT; };
		4A78CED31CFAF26C00B8C0D0 /* ODItem.mm */ = {isa = PBXFileReference; fileEncoding = 4; lastKnownFileType = sourcecode.cpp.objcpp; name = ODItem.mm; path = dcmtkObjc/objcWrapper/ODItem.mm; sourceTree = SOURCE_ROOT; };
		4A78CED41CFAF26C00B8C0D0 /* ODDataset.mm */ = {isa = PBXFileReference; fileEncoding = 4; lastKnownFileType = sourcecode.cpp.objcpp; name = ODDataset.mm; path = dcmtkObjc/objcWrapper/ODDataset.mm; sourceTree = SOURCE_ROOT; };
		4A78CED51CFAF26C00B8C0D0 /* ODMetaInfo.mm */ = {isa = PBXFileReference; fileEncoding = 4; lastKnownFileType = sourcecode.cpp.objcpp; name = ODMetaInfo.mm; path = dcmtkObjc/objcWrapper/ODMetaInfo.mm; sourceTree = SOURCE_ROOT; };
		4A78CED61CFAF26C00B8C0D0 /* ODElement.mm */ = {isa = PBXFileReference; fileEncoding = 4; lastKnownFileType = sourcecode.cpp.objcpp; name = ODElement.mm; path = dcmtkObjc/objcWrapper/ODElement.mm; sourceTree = SOURCE_ROOT; };
		4A78CED71CFAF26C00B8C0D0 /* ODvr.h */ = {isa = PBXFileReference; fileEncoding = 4; lastKnownFileType = sourcecode.c.h; name = ODvr.h; path = dcmtkObjc/objcWrapper/ODvr.h; sourceTree = SOURCE_ROOT; };
		4A78CED81CFAF26C00B8C0D0 /* ODElement.h */ = {isa = PBXFileReference; fileEncoding = 4; lastKnownFileType = sourcecode.c.h; name = ODElement.h; path = dcmtkObjc/objcWrapper/ODElement.h; sourceTree = SOURCE_ROOT; };
		4A78CEEB1CFAF26C00B8C0D0 /* ODDataset.h */ = {isa = PBXFileReference; fileEncoding = 4; lastKnownFileType = sourcecode.c.h; name = ODDataset.h; path = dcmtkObjc/objcWrapper/ODDataset.h; sourceTree = SOURCE_ROOT; };
		4A78CEEC1CFAF26C00B8C0D0 /* ODFile.mm */ = {isa = PBXFileReference; fileEncoding = 4; lastKnownFileType = sourcecode.cpp.objcpp; name = ODFile.mm; path = dcmtkObjc/objcWrapper/ODFile.mm; sourceTree = SOURCE_ROOT; };
		4A78CF0E1CFAF28E00B8C0D0 /* main.mm */ = {isa = PBXFileReference; fileEncoding = 4; lastKnownFileType = sourcecode.cpp.objcpp; name = main.mm; path = dcmtkObjc/main.mm; sourceTree = SOURCE_ROOT; };
		4A78DA721CFC7E5200B8C0D0 /* README.md */ = {isa = PBXFileReference; lastKnownFileType = net.daringfireball.markdown; path = README.md; sourceTree = "<group>"; };
		4A78DA731CFC7E5200B8C0D0 /* LICENSE */ = {isa = PBXFileReference; lastKnownFileType = text; path = LICENSE; sourceTree = "<group>"; };
		4A78DBBF1CFE37A200B8C0D0 /* colortransform.h */ = {isa = PBXFileReference; lastKnownFileType = sourcecode.c.h; path = colortransform.h; sourceTree = "<group>"; };
		4A78DBC01CFE37A200B8C0D0 /* config.h */ = {isa = PBXFileReference; lastKnownFileType = sourcecode.c.h; path = config.h; sourceTree = "<group>"; };
		4A78DBC11CFE37A200B8C0D0 /* context.h */ = {isa = PBXFileReference; lastKnownFileType = sourcecode.c.h; path = context.h; sourceTree = "<group>"; };
		4A78DBC21CFE37A200B8C0D0 /* contextrunmode.h */ = {isa = PBXFileReference; lastKnownFileType = sourcecode.c.h; path = contextrunmode.h; sourceTree = "<group>"; };
		4A78DBC31CFE37A200B8C0D0 /* decoderstrategy.h */ = {isa = PBXFileReference; lastKnownFileType = sourcecode.c.h; path = decoderstrategy.h; sourceTree = "<group>"; };
		4A78DBC41CFE37A200B8C0D0 /* defaulttraits.h */ = {isa = PBXFileReference; lastKnownFileType = sourcecode.c.h; path = defaulttraits.h; sourceTree = "<group>"; };
		4A78DBC51CFE37A200B8C0D0 /* encoderstrategy.h */ = {isa = PBXFileReference; lastKnownFileType = sourcecode.c.h; path = encoderstrategy.h; sourceTree = "<group>"; };
		4A78DBC61CFE37A200B8C0D0 /* header.h */ = {isa = PBXFileReference; lastKnownFileType = sourcecode.c.h; path = header.h; sourceTree = "<group>"; };
		4A78DBC71CFE37A200B8C0D0 /* interface.h */ = {isa = PBXFileReference; lastKnownFileType = sourcecode.c.h; path = interface.h; sourceTree = "<group>"; };
		4A78DBC81CFE37A200B8C0D0 /* jpegmarker.h */ = {isa = PBXFileReference; lastKnownFileType = sourcecode.c.h; path = jpegmarker.h; sourceTree = "<group>"; };
		4A78DBC91CFE37A200B8C0D0 /* lookuptable.h */ = {isa = PBXFileReference; lastKnownFileType = sourcecode.c.h; path = lookuptable.h; sourceTree = "<group>"; };
		4A78DBCA1CFE37A200B8C0D0 /* losslesstraits.h */ = {isa = PBXFileReference; lastKnownFileType = sourcecode.c.h; path = losslesstraits.h; sourceTree = "<group>"; };
		4A78DBCB1CFE37A200B8C0D0 /* processline.h */ = {isa = PBXFileReference; lastKnownFileType = sourcecode.c.h; path = processline.h; sourceTree = "<group>"; };
		4A78DBCC1CFE37A200B8C0D0 /* publictypes.h */ = {isa = PBXFileReference; lastKnownFileType = sourcecode.c.h; path = publictypes.h; sourceTree = "<group>"; };
		4A78DBCD1CFE37A200B8C0D0 /* scan.h */ = {isa = PBXFileReference; lastKnownFileType = sourcecode.c.h; path = scan.h; sourceTree = "<group>"; };
		4A78DBCE1CFE37A200B8C0D0 /* util.h */ = {isa = PBXFileReference; lastKnownFileType = sourcecode.c.h; path = util.h; sourceTree = "<group>"; };
		4A78DBCF1CFE37A200B8C0D0 /* libCharLS.a */ = {isa = PBXFileReference; lastKnownFileType = archive.ar; path = libCharLS.a; sourceTree = "<group>"; };
		4A78DBD01CFE37A200B8C0D0 /* dicom.dic */ = {isa = PBXFileReference; lastKnownFileType = text; path = dicom.dic; sourceTree = "<group>"; };
		4A9059F61CF5F72700A9CA2F /* dcmtkObjc */ = {isa = PBXFileReference; explicitFileType = "compiled.mach-o.executable"; includeInIndex = 0; path = dcmtkObjc; sourceTree = BUILT_PRODUCTS_DIR; };
		4AEFE7C01D040536005BA949 /* ODAttributeTag.h */ = {isa = PBXFileReference; fileEncoding = 4; lastKnownFileType = sourcecode.c.h; path = ODAttributeTag.h; sourceTree = "<group>"; };
		4AEFE7C11D040536005BA949 /* ODAttributeTag.mm */ = {isa = PBXFileReference; fileEncoding = 4; lastKnownFileType = sourcecode.cpp.objcpp; path = ODAttributeTag.mm; sourceTree = "<group>"; };
		4AEFE7C21D040536005BA949 /* ODByteString.h */ = {isa = PBXFileReference; fileEncoding = 4; lastKnownFileType = sourcecode.c.h; path = ODByteString.h; sourceTree = "<group>"; };
		4AEFE7C31D040536005BA949 /* ODByteString.mm */ = {isa = PBXFileReference; fileEncoding = 4; lastKnownFileType = sourcecode.cpp.objcpp; path = ODByteString.mm; sourceTree = "<group>"; };
		4AEFE7C41D040536005BA949 /* ODFloatingPointDouble.h */ = {isa = PBXFileReference; fileEncoding = 4; lastKnownFileType = sourcecode.c.h; path = ODFloatingPointDouble.h; sourceTree = "<group>"; };
		4AEFE7C51D040536005BA949 /* ODFloatingPointDouble.mm */ = {isa = PBXFileReference; fileEncoding = 4; lastKnownFileType = sourcecode.cpp.objcpp; path = ODFloatingPointDouble.mm; sourceTree = "<group>"; };
		4AEFE7C61D040536005BA949 /* ODFloatingPointSingle.h */ = {isa = PBXFileReference; fileEncoding = 4; lastKnownFileType = sourcecode.c.h; path = ODFloatingPointSingle.h; sourceTree = "<group>"; };
		4AEFE7C71D040536005BA949 /* ODFloatingPointSingle.mm */ = {isa = PBXFileReference; fileEncoding = 4; lastKnownFileType = sourcecode.cpp.objcpp; path = ODFloatingPointSingle.mm; sourceTree = "<group>"; };
		4AEFE7C81D040536005BA949 /* ODOtherByteOtherWord.h */ = {isa = PBXFileReference; fileEncoding = 4; lastKnownFileType = sourcecode.c.h; path = ODOtherByteOtherWord.h; sourceTree = "<group>"; };
		4AEFE7C91D040536005BA949 /* ODOtherByteOtherWord.mm */ = {isa = PBXFileReference; fileEncoding = 4; lastKnownFileType = sourcecode.cpp.objcpp; path = ODOtherByteOtherWord.mm; sourceTree = "<group>"; };
		4AEFE7CA1D040536005BA949 /* ODSignedLong.h */ = {isa = PBXFileReference; fileEncoding = 4; lastKnownFileType = sourcecode.c.h; path = ODSignedLong.h; sourceTree = "<group>"; };
		4AEFE7CB1D040536005BA949 /* ODSignedLong.mm */ = {isa = PBXFileReference; fileEncoding = 4; lastKnownFileType = sourcecode.cpp.objcpp; path = ODSignedLong.mm; sourceTree = "<group>"; };
		4AEFE7CC1D040536005BA949 /* ODSignedShort.h */ = {isa = PBXFileReference; fileEncoding = 4; lastKnownFileType = sourcecode.c.h; path = ODSignedShort.h; sourceTree = "<group>"; };
		4AEFE7CD1D040536005BA949 /* ODSignedShort.mm */ = {isa = PBXFileReference; fileEncoding = 4; lastKnownFileType = sourcecode.cpp.objcpp; path = ODSignedShort.mm; sourceTree = "<group>"; };
		4AEFE7CE1D040536005BA949 /* ODUnsignedLong.h */ = {isa = PBXFileReference; fileEncoding = 4; lastKnownFileType = sourcecode.c.h; path = ODUnsignedLong.h; sourceTree = "<group>"; };
		4AEFE7CF1D040536005BA949 /* ODUnsignedLong.mm */ = {isa = PBXFileReference; fileEncoding = 4; lastKnownFileType = sourcecode.cpp.objcpp; path = ODUnsignedLong.mm; sourceTree = "<group>"; };
		4AEFE7D01D040536005BA949 /* ODUnsignedShort.h */ = {isa = PBXFileReference; fileEncoding = 4; lastKnownFileType = sourcecode.c.h; path = ODUnsignedShort.h; sourceTree = "<group>"; };
		4AEFE7D11D040536005BA949 /* ODUnsignedShort.mm */ = {isa = PBXFileReference; fileEncoding = 4; lastKnownFileType = sourcecode.cpp.objcpp; path = ODUnsignedShort.mm; sourceTree = "<group>"; };
		4AEFE7E71D040719005BA949 /* libiconv.tbd */ = {isa = PBXFileReference; lastKnownFileType = "sourcecode.text-based-dylib-definition"; name = libiconv.tbd; path = usr/lib/libiconv.tbd; sourceTree = SDKROOT; };
/* End PBXFileReference section */

/* Begin PBXFrameworksBuildPhase section */
		4A9059F31CF5F72700A9CA2F /* Frameworks */ = {
			isa = PBXFrameworksBuildPhase;
			buildActionMask = 2147483647;
			files = (
				4AEFE7E81D040719005BA949 /* libiconv.tbd in Frameworks */,
				4A78DA4C1CFB2CCF00B8C0D0 /* libz.tbd in Frameworks */,
			);
			runOnlyForDeploymentPostprocessing = 0;
		};
/* End PBXFrameworksBuildPhase section */

/* Begin PBXGroup section */
		4A41BCC31CF73CFA0055EC46 /* objcWrapper */ = {
			isa = PBXGroup;
			children = (
				4AEFE7BF1D040536005BA949 /* ODElementTypes */,
				4A78CED81CFAF26C00B8C0D0 /* ODElement.h */,
				4A78CED61CFAF26C00B8C0D0 /* ODElement.mm */,
				4A78CED11CFAF26C00B8C0D0 /* ODItem.h */,
				4A78CED31CFAF26C00B8C0D0 /* ODItem.mm */,
				4A78CECE1CFAF26C00B8C0D0 /* ODSequence.h */,
				4A78CECF1CFAF26C00B8C0D0 /* ODSequence.mm */,
				4A78CEEB1CFAF26C00B8C0D0 /* ODDataset.h */,
				4A78CED41CFAF26C00B8C0D0 /* ODDataset.mm */,
				4A78CED21CFAF26C00B8C0D0 /* ODMetaInfo.h */,
				4A78CED51CFAF26C00B8C0D0 /* ODMetaInfo.mm */,
				4A78CED71CFAF26C00B8C0D0 /* ODvr.h */,
				4A78CED01CFAF26C00B8C0D0 /* ODFile.h */,
				4A78CEEC1CFAF26C00B8C0D0 /* ODFile.mm */,
			);
			path = objcWrapper;
			sourceTree = "<group>";
		};
		4A41BCF31CF73D090055EC46 /* objcCategories */ = {
			isa = PBXGroup;
			children = (
				4A78CECA1CFAF22A00B8C0D0 /* NSString+opendicom.mm */,
				4A78CECB1CFAF22A00B8C0D0 /* NSString+opendicom.h */,
			);
			path = objcCategories;
			sourceTree = "<group>";
		};
		4A78DA4D1CFB2EE400B8C0D0 /* libs_OSX10.11 */ = {
			isa = PBXGroup;
			children = (
				4AEFE7E71D040719005BA949 /* libiconv.tbd */,
				4A78CE931CFA4BEB00B8C0D0 /* libz.tbd */,
			);
			name = libs_OSX10.11;
			sourceTree = "<group>";
		};
		4A78DBBD1CFE37A200B8C0D0 /* CharLS */ = {
			isa = PBXGroup;
			children = (
				4A78DBBE1CFE37A200B8C0D0 /* include */,
				4A78DBCF1CFE37A200B8C0D0 /* libCharLS.a */,
			);
			path = CharLS;
			sourceTree = "<group>";
		};
		4A78DBBE1CFE37A200B8C0D0 /* include */ = {
			isa = PBXGroup;
			children = (
				4A78DBBF1CFE37A200B8C0D0 /* colortransform.h */,
				4A78DBC01CFE37A200B8C0D0 /* config.h */,
				4A78DBC11CFE37A200B8C0D0 /* context.h */,
				4A78DBC21CFE37A200B8C0D0 /* contextrunmode.h */,
				4A78DBC31CFE37A200B8C0D0 /* decoderstrategy.h */,
				4A78DBC41CFE37A200B8C0D0 /* defaulttraits.h */,
				4A78DBC51CFE37A200B8C0D0 /* encoderstrategy.h */,
				4A78DBC61CFE37A200B8C0D0 /* header.h */,
				4A78DBC71CFE37A200B8C0D0 /* interface.h */,
				4A78DBC81CFE37A200B8C0D0 /* jpegmarker.h */,
				4A78DBC91CFE37A200B8C0D0 /* lookuptable.h */,
				4A78DBCA1CFE37A200B8C0D0 /* losslesstraits.h */,
				4A78DBCB1CFE37A200B8C0D0 /* processline.h */,
				4A78DBCC1CFE37A200B8C0D0 /* publictypes.h */,
				4A78DBCD1CFE37A200B8C0D0 /* scan.h */,
				4A78DBCE1CFE37A200B8C0D0 /* util.h */,
			);
			path = include;
			sourceTree = "<group>";
		};
		4A9059ED1CF5F72700A9CA2F = {
			isa = PBXGroup;
			children = (
				4A78DA731CFC7E5200B8C0D0 /* LICENSE */,
				4A78DA721CFC7E5200B8C0D0 /* README.md */,
				4A9059F81CF5F72700A9CA2F /* dcmtkObjc */,
				4A78DBBD1CFE37A200B8C0D0 /* CharLS */,
				4A78DBD01CFE37A200B8C0D0 /* dicom.dic */,
				4A78DA4D1CFB2EE400B8C0D0 /* libs_OSX10.11 */,
				4A9059F71CF5F72700A9CA2F /* Products */,
			);
			sourceTree = "<group>";
		};
		4A9059F71CF5F72700A9CA2F /* Products */ = {
			isa = PBXGroup;
			children = (
				4A9059F61CF5F72700A9CA2F /* dcmtkObjc */,
			);
			name = Products;
			sourceTree = "<group>";
		};
		4A9059F81CF5F72700A9CA2F /* dcmtkObjc */ = {
			isa = PBXGroup;
			children = (
				4A41BCC31CF73CFA0055EC46 /* objcWrapper */,
				4A41BCF31CF73D090055EC46 /* objcCategories */,
				4A78CF0E1CFAF28E00B8C0D0 /* main.mm */,
			);
			name = dcmtkObjc;
			path = dcmtkObjcWrapper;
			sourceTree = "<group>";
		};
		4AEFE7BF1D040536005BA949 /* ODElementTypes */ = {
			isa = PBXGroup;
			children = (
				4AEFE7C01D040536005BA949 /* ODAttributeTag.h */,
				4AEFE7C11D040536005BA949 /* ODAttributeTag.mm */,
				4AEFE7C21D040536005BA949 /* ODByteString.h */,
				4AEFE7C31D040536005BA949 /* ODByteString.mm */,
				4AEFE7C41D040536005BA949 /* ODFloatingPointDouble.h */,
				4AEFE7C51D040536005BA949 /* ODFloatingPointDouble.mm */,
				4AEFE7C61D040536005BA949 /* ODFloatingPointSingle.h */,
				4AEFE7C71D040536005BA949 /* ODFloatingPointSingle.mm */,
				4AEFE7C81D040536005BA949 /* ODOtherByteOtherWord.h */,
				4AEFE7C91D040536005BA949 /* ODOtherByteOtherWord.mm */,
				4AEFE7CA1D040536005BA949 /* ODSignedLong.h */,
				4AEFE7CB1D040536005BA949 /* ODSignedLong.mm */,
				4AEFE7CC1D040536005BA949 /* ODSignedShort.h */,
				4AEFE7CD1D040536005BA949 /* ODSignedShort.mm */,
				4AEFE7CE1D040536005BA949 /* ODUnsignedLong.h */,
				4AEFE7CF1D040536005BA949 /* ODUnsignedLong.mm */,
				4AEFE7D01D040536005BA949 /* ODUnsignedShort.h */,
				4AEFE7D11D040536005BA949 /* ODUnsignedShort.mm */,
			);
			name = ODElementTypes;
			path = dcmtkObjc/objcWrapper/ODElementTypes;
			sourceTree = SOURCE_ROOT;
		};
/* End PBXGroup section */

/* Begin PBXHeadersBuildPhase section */
		4A41BCFB1CF746CB0055EC46 /* Headers */ = {
			isa = PBXHeadersBuildPhase;
			buildActionMask = 2147483647;
			files = (
				4AEFE7D61D040536005BA949 /* ODFloatingPointDouble.h in Headers */,
				4A78CEF21CFAF26C00B8C0D0 /* ODMetaInfo.h in Headers */,
				4A78CEF11CFAF26C00B8C0D0 /* ODItem.h in Headers */,
				4A78CEEE1CFAF26C00B8C0D0 /* ODSequence.h in Headers */,
				4AEFE7DA1D040536005BA949 /* ODOtherByteOtherWord.h in Headers */,
				4A78CF0B1CFAF26C00B8C0D0 /* ODDataset.h in Headers */,
				4AEFE7E01D040536005BA949 /* ODUnsignedLong.h in Headers */,
				4AEFE7D41D040536005BA949 /* ODByteString.h in Headers */,
				4A78CECD1CFAF22A00B8C0D0 /* NSString+opendicom.h in Headers */,
				4AEFE7DE1D040536005BA949 /* ODSignedShort.h in Headers */,
				4A78CEF81CFAF26C00B8C0D0 /* ODElement.h in Headers */,
				4AEFE7D81D040536005BA949 /* ODFloatingPointSingle.h in Headers */,
				4AEFE7E21D040536005BA949 /* ODUnsignedShort.h in Headers */,
				4A78CEF01CFAF26C00B8C0D0 /* ODFile.h in Headers */,
				4AEFE7D21D040536005BA949 /* ODAttributeTag.h in Headers */,
				4A78CEF71CFAF26C00B8C0D0 /* ODvr.h in Headers */,
				4AEFE7DC1D040536005BA949 /* ODSignedLong.h in Headers */,
			);
			runOnlyForDeploymentPostprocessing = 0;
		};
/* End PBXHeadersBuildPhase section */

/* Begin PBXNativeTarget section */
		4A9059F51CF5F72700A9CA2F /* dcmtkObjc */ = {
			isa = PBXNativeTarget;
			buildConfigurationList = 4A9059FD1CF5F72700A9CA2F /* Build configuration list for PBXNativeTarget "dcmtkObjc" */;
			buildPhases = (
				4A9059F21CF5F72700A9CA2F /* Sources */,
				4A9059F31CF5F72700A9CA2F /* Frameworks */,
				4A9059F41CF5F72700A9CA2F /* CopyFiles */,
				4A41BCFB1CF746CB0055EC46 /* Headers */,
			);
			buildRules = (
			);
			dependencies = (
			);
			name = dcmtkObjc;
			productName = dcmtkObjcWrapper;
			productReference = 4A9059F61CF5F72700A9CA2F /* dcmtkObjc */;
			productType = "com.apple.product-type.tool";
		};
/* End PBXNativeTarget section */

/* Begin PBXProject section */
		4A9059EE1CF5F72700A9CA2F /* Project object */ = {
			isa = PBXProject;
			attributes = {
				LastUpgradeCheck = 0730;
				ORGANIZATIONNAME = opendicom;
				TargetAttributes = {
					4A9059F51CF5F72700A9CA2F = {
						CreatedOnToolsVersion = 7.3.1;
					};
				};
			};
			buildConfigurationList = 4A9059F11CF5F72700A9CA2F /* Build configuration list for PBXProject "dcmtkObjc" */;
			compatibilityVersion = "Xcode 3.2";
			developmentRegion = English;
			hasScannedForEncodings = 0;
			knownRegions = (
				en,
			);
			mainGroup = 4A9059ED1CF5F72700A9CA2F;
			productRefGroup = 4A9059F71CF5F72700A9CA2F /* Products */;
			projectDirPath = "";
			projectRoot = "";
			targets = (
				4A9059F51CF5F72700A9CA2F /* dcmtkObjc */,
			);
		};
/* End PBXProject section */

/* Begin PBXSourcesBuildPhase section */
		4A9059F21CF5F72700A9CA2F /* Sources */ = {
			isa = PBXSourcesBuildPhase;
			buildActionMask = 2147483647;
			files = (
				4AEFE7DD1D040536005BA949 /* ODSignedLong.mm in Sources */,
				4AEFE7E31D040536005BA949 /* ODUnsignedShort.mm in Sources */,
				4A78CEF61CFAF26C00B8C0D0 /* ODElement.mm in Sources */,
				4AEFE7D31D040536005BA949 /* ODAttributeTag.mm in Sources */,
				4A78CECC1CFAF22A00B8C0D0 /* NSString+opendicom.mm in Sources */,
				4AEFE7DF1D040536005BA949 /* ODSignedShort.mm in Sources */,
				4A78CEF51CFAF26C00B8C0D0 /* ODMetaInfo.mm in Sources */,
				4AEFE7DB1D040536005BA949 /* ODOtherByteOtherWord.mm in Sources */,
				4A78CEF41CFAF26C00B8C0D0 /* ODDataset.mm in Sources */,
				4AEFE7D51D040536005BA949 /* ODByteString.mm in Sources */,
				4AEFE7E11D040536005BA949 /* ODUnsignedLong.mm in Sources */,
				4A78CF0F1CFAF28E00B8C0D0 /* main.mm in Sources */,
				4AEFE7D91D040536005BA949 /* ODFloatingPointSingle.mm in Sources */,
				4A78CEEF1CFAF26C00B8C0D0 /* ODSequence.mm in Sources */,
				4A78CEF31CFAF26C00B8C0D0 /* ODItem.mm in Sources */,
				4A78CF0C1CFAF26C00B8C0D0 /* ODFile.mm in Sources */,
				4AEFE7D71D040536005BA949 /* ODFloatingPointDouble.mm in Sources */,
			);
			runOnlyForDeploymentPostprocessing = 0;
		};
/* End PBXSourcesBuildPhase section */

/* Begin XCBuildConfiguration section */
		4A9059FB1CF5F72700A9CA2F /* Debug */ = {
			isa = XCBuildConfiguration;
			buildSettings = {
				ALWAYS_SEARCH_USER_PATHS = NO;
				ARCHS = "$(ARCHS_STANDARD)";
				CLANG_ANALYZER_NONNULL = YES;
				CLANG_CXX_LANGUAGE_STANDARD = "gnu++0x";
				CLANG_CXX_LIBRARY = "libc++";
				CLANG_ENABLE_MODULES = YES;
				CLANG_ENABLE_OBJC_ARC = NO;
				CLANG_WARN_BOOL_CONVERSION = YES;
				CLANG_WARN_CONSTANT_CONVERSION = YES;
				CLANG_WARN_DIRECT_OBJC_ISA_USAGE = YES_ERROR;
				CLANG_WARN_EMPTY_BODY = YES;
				CLANG_WARN_ENUM_CONVERSION = YES;
				CLANG_WARN_INT_CONVERSION = YES;
				CLANG_WARN_OBJC_ROOT_CLASS = YES_ERROR;
				CLANG_WARN_UNREACHABLE_CODE = YES;
				CLANG_WARN__DUPLICATE_METHOD_MATCH = YES;
				CODE_SIGN_IDENTITY = "-";
				COPY_PHASE_STRIP = NO;
				DEBUG_INFORMATION_FORMAT = dwarf;
				ENABLE_STRICT_OBJC_MSGSEND = YES;
				ENABLE_TESTABILITY = YES;
				GCC_C_LANGUAGE_STANDARD = gnu99;
				GCC_DYNAMIC_NO_PIC = NO;
				GCC_NO_COMMON_BLOCKS = YES;
				GCC_OPTIMIZATION_LEVEL = 0;
				GCC_PREPROCESSOR_DEFINITIONS = (
					"DEBUG=1",
					"$(inherited)",
				);
				GCC_WARN_64_TO_32_BIT_CONVERSION = YES;
				GCC_WARN_ABOUT_RETURN_TYPE = YES_ERROR;
				GCC_WARN_UNDECLARED_SELECTOR = YES;
				GCC_WARN_UNINITIALIZED_AUTOS = YES_AGGRESSIVE;
				GCC_WARN_UNUSED_FUNCTION = NO;
				GCC_WARN_UNUSED_VARIABLE = YES;
				HEADER_SEARCH_PATHS = "$(PRO$(PROJECT_DIR)/** $(PROJECT_DIR)/dcmtkXCode/config/include/** $(PROJECT_DIR)/dcmtk-3.6.1_20160216/ofstd/include/** $(PROJECT_DIR)/dcmtk-3.6.1_20160216/oflog/include/** $(PROJECT_DIR)/dcmtk-3.6.1_20160216/dcmdata/include/**";
				MACOSX_DEPLOYMENT_TARGET = 10.11;
				MTL_ENABLE_DEBUG_INFO = YES;
				ONLY_ACTIVE_ARCH = YES;
				SDKROOT = macosx;
			};
			name = Debug;
		};
		4A9059FC1CF5F72700A9CA2F /* Release */ = {
			isa = XCBuildConfiguration;
			buildSettings = {
				ALWAYS_SEARCH_USER_PATHS = NO;
				ARCHS = "$(ARCHS_STANDARD)";
				CLANG_ANALYZER_NONNULL = YES;
				CLANG_CXX_LANGUAGE_STANDARD = "gnu++0x";
				CLANG_CXX_LIBRARY = "libc++";
				CLANG_ENABLE_MODULES = YES;
				CLANG_ENABLE_OBJC_ARC = NO;
				CLANG_WARN_BOOL_CONVERSION = YES;
				CLANG_WARN_CONSTANT_CONVERSION = YES;
				CLANG_WARN_DIRECT_OBJC_ISA_USAGE = YES_ERROR;
				CLANG_WARN_EMPTY_BODY = YES;
				CLANG_WARN_ENUM_CONVERSION = YES;
				CLANG_WARN_INT_CONVERSION = YES;
				CLANG_WARN_OBJC_ROOT_CLASS = YES_ERROR;
				CLANG_WARN_UNREACHABLE_CODE = YES;
				CLANG_WARN__DUPLICATE_METHOD_MATCH = YES;
				CODE_SIGN_IDENTITY = "-";
				COPY_PHASE_STRIP = NO;
				DEBUG_INFORMATION_FORMAT = "dwarf-with-dsym";
				ENABLE_NS_ASSERTIONS = NO;
				ENABLE_STRICT_OBJC_MSGSEND = YES;
				GCC_C_LANGUAGE_STANDARD = gnu99;
				GCC_NO_COMMON_BLOCKS = YES;
				GCC_WARN_64_TO_32_BIT_CONVERSION = YES;
				GCC_WARN_ABOUT_RETURN_TYPE = YES_ERROR;
				GCC_WARN_UNDECLARED_SELECTOR = YES;
				GCC_WARN_UNINITIALIZED_AUTOS = YES_AGGRESSIVE;
				GCC_WARN_UNUSED_FUNCTION = NO;
				GCC_WARN_UNUSED_VARIABLE = YES;
				HEADER_SEARCH_PATHS = "$(PRO$(PROJECT_DIR)/** $(PROJECT_DIR)/dcmtkXCode/config/include/** $(PROJECT_DIR)/dcmtk-3.6.1_20160216/ofstd/include/** $(PROJECT_DIR)/dcmtk-3.6.1_20160216/oflog/include/** $(PROJECT_DIR)/dcmtk-3.6.1_20160216/dcmdata/include/**";
				MACOSX_DEPLOYMENT_TARGET = 10.11;
				MTL_ENABLE_DEBUG_INFO = NO;
				SDKROOT = macosx;
			};
			name = Release;
		};
		4A9059FE1CF5F72700A9CA2F /* Debug */ = {
			isa = XCBuildConfiguration;
			buildSettings = {
				HEADER_SEARCH_PATHS = (
					"$(PROJECT_DIR)/**",
					"$(PROJECT_DIR)/dcmtkXCode/config/include/**",
					"$(PROJECT_DIR)/dcmtkXdcmtk-3.6.1_20160216Code/ofstd/include/**",
					"$(PROJECT_DIR)/dcmtk-3.6.1_20160216/oflog/include/**",
					"$(PROJECT_DIR)/dcmtk-3.6.1_20160216/dcmdata/include/**",
				);
				PRODUCT_NAME = dcmtkObjc;
			};
			name = Debug;
		};
		4A9059FF1CF5F72700A9CA2F /* Release */ = {
			isa = XCBuildConfiguration;
			buildSettings = {
				HEADER_SEARCH_PATHS = (
					"$(PROJECT_DIR)/**",
					"$(PROJECT_DIR)/dcmtkXCode/config/include/**",
					"$(PROJECT_DIR)/dcmtkXdcmtk-3.6.1_20160216Code/ofstd/include/**",
					"$(PROJECT_DIR)/dcmtk-3.6.1_20160216/oflog/include/**",
					"$(PROJECT_DIR)/dcmtk-3.6.1_20160216/dcmdata/include/**",
				);
				PRODUCT_NAME = dcmtkObjc;
			};
			name = Release;
		};
/* End XCBuildConfiguration section */

/* Begin XCConfigurationList section */
		4A9059F11CF5F72700A9CA2F /* Build configuration list for PBXProject "dcmtkObjc" */ = {
			isa = XCConfigurationList;
			buildConfigurations = (
				4A9059FB1CF5F72700A9CA2F /* Debug */,
				4A9059FC1CF5F72700A9CA2F /* Release */,
			);
			defaultConfigurationIsVisible = 0;
			defaultConfigurationName = Release;
		};
		4A9059FD1CF5F72700A9CA2F /* Build configuration list for PBXNativeTarget "dcmtkObjc" */ = {
			isa = XCConfigurationList;
			buildConfigurations = (
				4A9059FE1CF5F72700A9CA2F /* Debug */,
				4A9059FF1CF5F72700A9CA2F /* Release */,
			);
			defaultConfigurationIsVisible = 0;
			defaultConfigurationName = Release;
		};
/* End XCConfigurationList section */
	};
	rootObject = 4A9059EE1CF5F72700A9CA2F /* Project object */;
}
